
Microsoft Visual Studio Solution File, Format Version 12.00
# Visual Studio Version 17
VisualStudioVersion = 17.0.31903.59
MinimumVisualStudioVersion = 10.0.40219.1
Project("{FAE04EC0-301F-11D3-BF4B-00C04F79EFBC}") = "MyTests", "MyTests\MyTests.csproj", "{288BA502-9556-4629-86B5-ACA555D4D6E1}"
EndProject
Project("{FAE04EC0-301F-11D3-BF4B-00C04F79EFBC}") = "MyWebApp", "MyWebApp\MyWebApp.csproj", "{602000CF-FDBB-41B2-94B1-39567C371AAE}"
EndProject
Global
	GlobalSection(SolutionConfigurationPlatforms) = preSolution
		Debug|Any CPU = Debug|Any CPU
		Release|Any CPU = Release|Any CPU
	EndGlobalSection
	GlobalSection(SolutionProperties) = preSolution
		HideSolutionNode = FALSE
	EndGlobalSection
	GlobalSection(ProjectConfigurationPlatforms) = postSolution
		{288BA502-9556-4629-86B5-ACA555D4D6E1}.Debug|Any CPU.ActiveCfg = Debug|Any CPU
		{288BA502-9556-4629-86B5-ACA555D4D6E1}.Debug|Any CPU.Build.0 = Debug|Any CPU
		{288BA502-9556-4629-86B5-ACA555D4D6E1}.Release|Any CPU.ActiveCfg = Release|Any CPU
		{288BA502-9556-4629-86B5-ACA555D4D6E1}.Release|Any CPU.Build.0 = Release|Any CPU
		{602000CF-FDBB-41B2-94B1-39567C371AAE}.Debug|Any CPU.ActiveCfg = Debug|Any CPU
		{602000CF-FDBB-41B2-94B1-39567C371AAE}.Debug|Any CPU.Build.0 = Debug|Any CPU
		{602000CF-FDBB-41B2-94B1-39567C371AAE}.Release|Any CPU.ActiveCfg = Release|Any CPU
		{602000CF-FDBB-41B2-94B1-39567C371AAE}.Release|Any CPU.Build.0 = Release|Any CPU
	EndGlobalSection
EndGlobal
