
Microsoft Visual Studio Solution File, Format Version 12.00
# Visual Studio Version 17
VisualStudioVersion = 17.0.31903.59
MinimumVisualStudioVersion = 10.0.40219.1
Project("{FAE04EC0-301F-11D3-BF4B-00C04F79EFBC}") = "MyWebApp", "MyWebApp\MyWebApp.csproj", "{2E8345F3-944E-4C69-8381-9F87B3A18327}"
EndProject
Project("{FAE04EC0-301F-11D3-BF4B-00C04F79EFBC}") = "MyTests", "MyTests\MyTests.csproj", "{74722CB8-3C97-4DAC-8F77-413C39C6B44F}"
EndProject
Global
	GlobalSection(SolutionConfigurationPlatforms) = preSolution
		Debug|Any CPU = Debug|Any CPU
		Release|Any CPU = Release|Any CPU
	EndGlobalSection
	GlobalSection(SolutionProperties) = preSolution
		HideSolutionNode = FALSE
	EndGlobalSection
	GlobalSection(ProjectConfigurationPlatforms) = postSolution
		{2E8345F3-944E-4C69-8381-9F87B3A18327}.Debug|Any CPU.ActiveCfg = Debug|Any CPU
		{2E8345F3-944E-4C69-8381-9F87B3A18327}.Debug|Any CPU.Build.0 = Debug|Any CPU
		{2E8345F3-944E-4C69-8381-9F87B3A18327}.Release|Any CPU.ActiveCfg = Release|Any CPU
		{2E8345F3-944E-4C69-8381-9F87B3A18327}.Release|Any CPU.Build.0 = Release|Any CPU
		{74722CB8-3C97-4DAC-8F77-413C39C6B44F}.Debug|Any CPU.ActiveCfg = Debug|Any CPU
		{74722CB8-3C97-4DAC-8F77-413C39C6B44F}.Debug|Any CPU.Build.0 = Debug|Any CPU
		{74722CB8-3C97-4DAC-8F77-413C39C6B44F}.Release|Any CPU.ActiveCfg = Release|Any CPU
		{74722CB8-3C97-4DAC-8F77-413C39C6B44F}.Release|Any CPU.Build.0 = Release|Any CPU
	EndGlobalSection
EndGlobal
